Microsoft Visual Studio Solution File, Format Version 12.00
# Visual Studio Version 17
VisualStudioVersion = 17.5.2.0
MinimumVisualStudioVersion = 10.0.40219.1
Project("{FAE04EC0-301F-11D3-BF4B-00C04F79EFBC}") = "AppConsola", "AppConsola.csproj", "{E11085F4-6F43-B3FE-6F50-BA59ACBB25F8}"
EndProject
Global
	GlobalSection(SolutionConfigurationPlatforms) = preSolution
		Debug|Any CPU = Debug|Any CPU
		Release|Any CPU = Release|Any CPU
	EndGlobalSection
	GlobalSection(ProjectConfigurationPlatforms) = postSolution
		{E11085F4-6F43-B3FE-6F50-BA59ACBB25F8}.Debug|Any CPU.ActiveCfg = Debug|Any CPU
		{E11085F4-6F43-B3FE-6F50-BA59ACBB25F8}.Debug|Any CPU.Build.0 = Debug|Any CPU
		{E11085F4-6F43-B3FE-6F50-BA59ACBB25F8}.Release|Any CPU.ActiveCfg = Release|Any CPU
		{E11085F4-6F43-B3FE-6F50-BA59ACBB25F8}.Release|Any CPU.Build.0 = Release|Any CPU
	EndGlobalSection
	GlobalSection(SolutionProperties) = preSolution
		HideSolutionNode = FALSE
	EndGlobalSection
	GlobalSection(ExtensibilityGlobals) = postSolution
		SolutionGuid = {F10C56FA-8CF4-490C-91B3-57E2D4489A69}
	EndGlobalSection
EndGlobal
